
Microsoft Visual Studio Solution File, Format Version 12.00
# Visual Studio Version 16
VisualStudioVersion = 16.0.33529.622
MinimumVisualStudioVersion = 10.0.40219.1
Project("{FAE04EC0-301F-11D3-BF4B-00C04F79EFBC}") = "FileWatcherLibrary", "FileWatcherLibrary\FileWatcherLibrary.csproj", "{4AC3946F-3244-4C78-8114-FE8A00E0B2C7}"
EndProject
Project("{FAE04EC0-301F-11D3-BF4B-00C04F79EFBC}") = "WM_FileWatcherUI", "WM_FileWatcherUI\WM_FileWatcherUI.csproj", "{2C12B35B-9397-46FA-B45C-FDFF28C3DF2A}"
EndProject
Project("{54435603-DBB4-11D2-8724-00A0C9A8B90C}") = "FilewatcherSetup", "FilewatcherSetup\FilewatcherSetup.vdproj", "{B5072059-592A-4E69-9F53-45FDC90339E5}"
EndProject
Global
	GlobalSection(SolutionConfigurationPlatforms) = preSolution
		Debug|Any CPU = Debug|Any CPU
		Release|Any CPU = Release|Any CPU
	EndGlobalSection
	GlobalSection(ProjectConfigurationPlatforms) = postSolution
		{4AC3946F-3244-4C78-8114-FE8A00E0B2C7}.Debug|Any CPU.ActiveCfg = Debug|Any CPU
		{4AC3946F-3244-4C78-8114-FE8A00E0B2C7}.Debug|Any CPU.Build.0 = Debug|Any CPU
		{4AC3946F-3244-4C78-8114-FE8A00E0B2C7}.Release|Any CPU.ActiveCfg = Release|Any CPU
		{4AC3946F-3244-4C78-8114-FE8A00E0B2C7}.Release|Any CPU.Build.0 = Release|Any CPU
		{2C12B35B-9397-46FA-B45C-FDFF28C3DF2A}.Debug|Any CPU.ActiveCfg = Debug|Any CPU
		{2C12B35B-9397-46FA-B45C-FDFF28C3DF2A}.Debug|Any CPU.Build.0 = Debug|Any CPU
		{2C12B35B-9397-46FA-B45C-FDFF28C3DF2A}.Release|Any CPU.ActiveCfg = Release|Any CPU
		{2C12B35B-9397-46FA-B45C-FDFF28C3DF2A}.Release|Any CPU.Build.0 = Release|Any CPU
		{B5072059-592A-4E69-9F53-45FDC90339E5}.Debug|Any CPU.ActiveCfg = Debug
		{B5072059-592A-4E69-9F53-45FDC90339E5}.Release|Any CPU.ActiveCfg = Release
	EndGlobalSection
	GlobalSection(SolutionProperties) = preSolution
		HideSolutionNode = FALSE
	EndGlobalSection
	GlobalSection(ExtensibilityGlobals) = postSolution
		SolutionGuid = {0BADA7DC-9E71-46B3-B218-7ADA3C03A606}
	EndGlobalSection
EndGlobal
